
Microsoft Visual Studio Solution File, Format Version 12.00
# Visual Studio Version 16
VisualStudioVersion = 16.0.30413.136
MinimumVisualStudioVersion = 10.0.40219.1
Project("{FAE04EC0-301F-11D3-BF4B-00C04F79EFBC}") = "lesson1", "lesson1\lesson1.csproj", "{42AA44A3-48AF-46B2-8D43-BCAE19C2E10B}"
EndProject
Global
	GlobalSection(SolutionConfigurationPlatforms) = preSolution
		Debug|Any CPU = Debug|Any CPU
		Release|Any CPU = Release|Any CPU
	EndGlobalSection
	GlobalSection(ProjectConfigurationPlatforms) = postSolution
		{42AA44A3-48AF-46B2-8D43-BCAE19C2E10B}.Debug|Any CPU.ActiveCfg = Debug|Any CPU
		{42AA44A3-48AF-46B2-8D43-BCAE19C2E10B}.Debug|Any CPU.Build.0 = Debug|Any CPU
		{42AA44A3-48AF-46B2-8D43-BCAE19C2E10B}.Release|Any CPU.ActiveCfg = Release|Any CPU
		{42AA44A3-48AF-46B2-8D43-BCAE19C2E10B}.Release|Any CPU.Build.0 = Release|Any CPU
	EndGlobalSection
	GlobalSection(SolutionProperties) = preSolution
		HideSolutionNode = FALSE
	EndGlobalSection
	GlobalSection(ExtensibilityGlobals) = postSolution
		SolutionGuid = {7238F6BC-3359-4C34-9FAE-12A92C97DA81}
	EndGlobalSection
EndGlobal
