
Microsoft Visual Studio Solution File, Format Version 12.00
# Visual Studio Version 16
VisualStudioVersion = 16.0.30413.136
MinimumVisualStudioVersion = 10.0.40219.1
Project("{FAE04EC0-301F-11D3-BF4B-00C04F79EFBC}") = "ConsoleApp1", "ConsoleApp1\ConsoleApp1.csproj", "{97FAEA1B-F377-411E-BFB9-784E19A1C5C4}"
EndProject
Global
	GlobalSection(SolutionConfigurationPlatforms) = preSolution
		Debug|Any CPU = Debug|Any CPU
		Release|Any CPU = Release|Any CPU
	EndGlobalSection
	GlobalSection(ProjectConfigurationPlatforms) = postSolution
		{97FAEA1B-F377-411E-BFB9-784E19A1C5C4}.Debug|Any CPU.ActiveCfg = Debug|Any CPU
		{97FAEA1B-F377-411E-BFB9-784E19A1C5C4}.Debug|Any CPU.Build.0 = Debug|Any CPU
		{97FAEA1B-F377-411E-BFB9-784E19A1C5C4}.Release|Any CPU.ActiveCfg = Release|Any CPU
		{97FAEA1B-F377-411E-BFB9-784E19A1C5C4}.Release|Any CPU.Build.0 = Release|Any CPU
	EndGlobalSection
	GlobalSection(SolutionProperties) = preSolution
		HideSolutionNode = FALSE
	EndGlobalSection
	GlobalSection(ExtensibilityGlobals) = postSolution
		SolutionGuid = {2E9E9025-752A-4DB2-AD0E-22ECBD01C945}
	EndGlobalSection
EndGlobal
