
Microsoft Visual Studio Solution File, Format Version 12.00
# Visual Studio Version 16
VisualStudioVersion = 16.0.30413.136
MinimumVisualStudioVersion = 10.0.40219.1
Project("{9A19103F-16F7-4668-BE54-9A1E7A4F7556}") = "lesson5", "lesson5\lesson5.csproj", "{66BA2430-3451-4C4B-BFBA-6A373AB27FAD}"
EndProject
Project("{FAE04EC0-301F-11D3-BF4B-00C04F79EFBC}") = "Task1", "Task1\Task1.csproj", "{A35E8942-49AB-4F7D-AEC9-ED7C9D4D51FD}"
EndProject
Project("{FAE04EC0-301F-11D3-BF4B-00C04F79EFBC}") = "Task2", "Task2\Task2.csproj", "{6D55148F-0C27-46C5-993F-89F3AB16692D}"
EndProject
Global
	GlobalSection(SolutionConfigurationPlatforms) = preSolution
		Debug|Any CPU = Debug|Any CPU
		Release|Any CPU = Release|Any CPU
	EndGlobalSection
	GlobalSection(ProjectConfigurationPlatforms) = postSolution
		{66BA2430-3451-4C4B-BFBA-6A373AB27FAD}.Debug|Any CPU.ActiveCfg = Debug|Any CPU
		{66BA2430-3451-4C4B-BFBA-6A373AB27FAD}.Debug|Any CPU.Build.0 = Debug|Any CPU
		{66BA2430-3451-4C4B-BFBA-6A373AB27FAD}.Release|Any CPU.ActiveCfg = Release|Any CPU
		{66BA2430-3451-4C4B-BFBA-6A373AB27FAD}.Release|Any CPU.Build.0 = Release|Any CPU
		{A35E8942-49AB-4F7D-AEC9-ED7C9D4D51FD}.Debug|Any CPU.ActiveCfg = Debug|Any CPU
		{A35E8942-49AB-4F7D-AEC9-ED7C9D4D51FD}.Debug|Any CPU.Build.0 = Debug|Any CPU
		{A35E8942-49AB-4F7D-AEC9-ED7C9D4D51FD}.Release|Any CPU.ActiveCfg = Release|Any CPU
		{A35E8942-49AB-4F7D-AEC9-ED7C9D4D51FD}.Release|Any CPU.Build.0 = Release|Any CPU
		{6D55148F-0C27-46C5-993F-89F3AB16692D}.Debug|Any CPU.ActiveCfg = Debug|Any CPU
		{6D55148F-0C27-46C5-993F-89F3AB16692D}.Debug|Any CPU.Build.0 = Debug|Any CPU
		{6D55148F-0C27-46C5-993F-89F3AB16692D}.Release|Any CPU.ActiveCfg = Release|Any CPU
		{6D55148F-0C27-46C5-993F-89F3AB16692D}.Release|Any CPU.Build.0 = Release|Any CPU
	EndGlobalSection
	GlobalSection(SolutionProperties) = preSolution
		HideSolutionNode = FALSE
	EndGlobalSection
	GlobalSection(ExtensibilityGlobals) = postSolution
		SolutionGuid = {71AB95AD-D1A0-483F-B41A-E6918BDA38C8}
	EndGlobalSection
EndGlobal
